
Microsoft Visual Studio Solution File, Format Version 12.00
# Visual Studio Version 17
VisualStudioVersion = 17.7.34031.279
MinimumVisualStudioVersion = 10.0.40219.1
Project("{FAE04EC0-301F-11D3-BF4B-00C04F79EFBC}") = "PartnerApp", "PartnerApp\PartnerApp.csproj", "{87B93AAA-B95C-4CD8-9C40-6D73656C22D4}"
EndProject
Global
	GlobalSection(SolutionConfigurationPlatforms) = preSolution
		Debug|Any CPU = Debug|Any CPU
		Release|Any CPU = Release|Any CPU
	EndGlobalSection
	GlobalSection(ProjectConfigurationPlatforms) = postSolution
		{87B93AAA-B95C-4CD8-9C40-6D73656C22D4}.Debug|Any CPU.ActiveCfg = Debug|Any CPU
		{87B93AAA-B95C-4CD8-9C40-6D73656C22D4}.Debug|Any CPU.Build.0 = Debug|Any CPU
		{87B93AAA-B95C-4CD8-9C40-6D73656C22D4}.Release|Any CPU.ActiveCfg = Release|Any CPU
		{87B93AAA-B95C-4CD8-9C40-6D73656C22D4}.Release|Any CPU.Build.0 = Release|Any CPU
	EndGlobalSection
	GlobalSection(SolutionProperties) = preSolution
		HideSolutionNode = FALSE
	EndGlobalSection
	GlobalSection(ExtensibilityGlobals) = postSolution
		SolutionGuid = {9D85B249-3E0D-4966-B718-9970C0EA7454}
	EndGlobalSection
EndGlobal
